
Microsoft Visual Studio Solution File, Format Version 12.00
# Visual Studio 14
VisualStudioVersion = 14.0.25420.1
MinimumVisualStudioVersion = 10.0.40219.1
Project("{FAE04EC0-301F-11D3-BF4B-00C04F79EFBC}") = "DesignForm", "DesignForm\DesignForm.csproj", "{0FE744AD-3B6E-43E6-AF3F-53B95EFACAAA}"
EndProject
Project("{2150E333-8FDC-42A3-9474-1A3956D46DE8}") = "PublishScripts", "PublishScripts", "{36D6D7C2-7A9E-4769-BDB2-50786205AF1D}"
	ProjectSection(SolutionItems) = preProject
		PublishScripts\AzureVMPublishModule.psm1 = PublishScripts\AzureVMPublishModule.psm1
		PublishScripts\Publish-WebApplicationVM.ps1 = PublishScripts\Publish-WebApplicationVM.ps1
	EndProjectSection
EndProject
Project("{2150E333-8FDC-42A3-9474-1A3956D46DE8}") = "Configurations", "Configurations", "{0EB9FFC2-2B6E-485F-A9DB-1028DCC80EFB}"
	ProjectSection(SolutionItems) = preProject
		PublishScripts\Configurations\DesignForm-VM-dev.json = PublishScripts\Configurations\DesignForm-VM-dev.json
	EndProjectSection
EndProject
Global
	GlobalSection(SolutionConfigurationPlatforms) = preSolution
		Debug|Any CPU = Debug|Any CPU
		Release|Any CPU = Release|Any CPU
	EndGlobalSection
	GlobalSection(ProjectConfigurationPlatforms) = postSolution
		{0FE744AD-3B6E-43E6-AF3F-53B95EFACAAA}.Debug|Any CPU.ActiveCfg = Debug|Any CPU
		{0FE744AD-3B6E-43E6-AF3F-53B95EFACAAA}.Debug|Any CPU.Build.0 = Debug|Any CPU
		{0FE744AD-3B6E-43E6-AF3F-53B95EFACAAA}.Release|Any CPU.ActiveCfg = Release|Any CPU
		{0FE744AD-3B6E-43E6-AF3F-53B95EFACAAA}.Release|Any CPU.Build.0 = Release|Any CPU
	EndGlobalSection
	GlobalSection(SolutionProperties) = preSolution
		HideSolutionNode = FALSE
	EndGlobalSection
	GlobalSection(NestedProjects) = preSolution
		{0EB9FFC2-2B6E-485F-A9DB-1028DCC80EFB} = {36D6D7C2-7A9E-4769-BDB2-50786205AF1D}
	EndGlobalSection
EndGlobal
